
Microsoft Visual Studio Solution File, Format Version 12.00
# Visual Studio 15
Project("{FAE04EC0-301F-11D3-BF4B-00C04F79EFBC}") = "Assembly-CSharp", "Assembly-CSharp.csproj", "{2946CCCF-C65C-AC18-0EA9-A73A3CCECFA5}"
EndProject
Project("{FAE04EC0-301F-11D3-BF4B-00C04F79EFBC}") = "Assembly-CSharp-Editor", "Assembly-CSharp-Editor.csproj", "{0495E8C8-240E-2B17-B04A-C78C3FB666FB}"
EndProject
Global
	GlobalSection(SolutionConfigurationPlatforms) = preSolution
		Debug|Any CPU = Debug|Any CPU
		Release|Any CPU = Release|Any CPU
	EndGlobalSection
	GlobalSection(ProjectConfigurationPlatforms) = postSolution
		{2946CCCF-C65C-AC18-0EA9-A73A3CCECFA5}.Debug|Any CPU.ActiveCfg = Debug|Any CPU
		{2946CCCF-C65C-AC18-0EA9-A73A3CCECFA5}.Debug|Any CPU.Build.0 = Debug|Any CPU
		{2946CCCF-C65C-AC18-0EA9-A73A3CCECFA5}.Release|Any CPU.ActiveCfg = Release|Any CPU
		{2946CCCF-C65C-AC18-0EA9-A73A3CCECFA5}.Release|Any CPU.Build.0 = Release|Any CPU
		{0495E8C8-240E-2B17-B04A-C78C3FB666FB}.Debug|Any CPU.ActiveCfg = Debug|Any CPU
		{0495E8C8-240E-2B17-B04A-C78C3FB666FB}.Debug|Any CPU.Build.0 = Debug|Any CPU
		{0495E8C8-240E-2B17-B04A-C78C3FB666FB}.Release|Any CPU.ActiveCfg = Release|Any CPU
		{0495E8C8-240E-2B17-B04A-C78C3FB666FB}.Release|Any CPU.Build.0 = Release|Any CPU
	EndGlobalSection
	GlobalSection(SolutionProperties) = preSolution
		HideSolutionNode = FALSE
	EndGlobalSection
EndGlobal
